
Microsoft Visual Studio Solution File, Format Version 12.00
# Visual Studio 2013
VisualStudioVersion = 12.0.30501.0
MinimumVisualStudioVersion = 10.0.40219.1
Project("{2150E333-8FDC-42A3-9474-1A3956D46DE8}") = "Demos", "Demos", "{78E374F0-BD2D-4C2D-A309-677892F4D909}"
EndProject
Project("{FAE04EC0-301F-11D3-BF4B-00C04F79EFBC}") = "NDCIOT.Server", "NDCIOT.Server\NDCIOT.Server.csproj", "{8DAB2D01-36B4-443C-AC8D-2F3D133911F9}"
EndProject
Project("{FAE04EC0-301F-11D3-BF4B-00C04F79EFBC}") = "NDCIOT.Demo1-RTC", "NDCIOT.Demo1-RTC\NDCIOT.Demo1-RTC.csproj", "{50682E21-AB71-43E7-BD3E-16616C8BFB4A}"
EndProject
Project("{FAE04EC0-301F-11D3-BF4B-00C04F79EFBC}") = "NDCIOT.Demo1-Client", "NDCIOT.Demo1-Client\NDCIOT.Demo1-Client.csproj", "{6024C1BC-9E89-4417-9D2A-8D7D3A419B74}"
EndProject
Project("{2150E333-8FDC-42A3-9474-1A3956D46DE8}") = "Demo1", "Demo1", "{9662746A-1AE0-4293-9AC2-AE5955BAF6F7}"
	ProjectSection(SolutionItems) = preProject
		nodejs.js = nodejs.js
		Powershell.ps1 = Powershell.ps1
	EndProjectSection
EndProject
Project("{2150E333-8FDC-42A3-9474-1A3956D46DE8}") = "Demo2", "Demo2", "{AA808961-5FD5-4F76-A848-D87A5A1EBBD7}"
	ProjectSection(SolutionItems) = preProject
		ArduinoSensorSketch.ino = ArduinoSensorSketch.ino
	EndProjectSection
EndProject
Project("{2150E333-8FDC-42A3-9474-1A3956D46DE8}") = "Demo3", "Demo3", "{D9428AF1-7300-4179-A864-BDDBEBFB2509}"
EndProject
Project("{FAE04EC0-301F-11D3-BF4B-00C04F79EFBC}") = "NDCIOT.Demo2-Sensor", "NDCIOT.Demo2-Sensor\NDCIOT.Demo2-Sensor.csproj", "{797866DD-2CF9-4243-BDA9-46BFD523BB12}"
EndProject
Project("{2150E333-8FDC-42A3-9474-1A3956D46DE8}") = "Demo4", "Demo4", "{ED883E16-3C81-4BAC-A544-0C1CC9325733}"
EndProject
Project("{FAE04EC0-301F-11D3-BF4B-00C04F79EFBC}") = "NDCIOT.Demo3-HTML5Game", "NDCIOT.Demo3-HTML5Game\NDCIOT.Demo3-HTML5Game.csproj", "{95D516C5-1893-40D9-BB66-79FEC609DC85}"
EndProject
Project("{FAE04EC0-301F-11D3-BF4B-00C04F79EFBC}") = "NDCIOT.Demo3-XboxController", "NDCIOT.Demo3-XboxController\NDCIOT.Demo3-XboxController.csproj", "{5D20C71A-BE6A-4FCB-9BE6-6000D44DF14A}"
EndProject
Project("{FAE04EC0-301F-11D3-BF4B-00C04F79EFBC}") = "NDCIOT.Demo4-VoiceToMissile", "NDCIOT.Demo4-VoiceToMissile\NDCIOT.Demo4-VoiceToMissile.csproj", "{5EDDEF58-3FA0-400B-817B-68D9600BF5E7}"
EndProject
Project("{FAE04EC0-301F-11D3-BF4B-00C04F79EFBC}") = "NDCIOT.Demo4-MissileControl", "NDCIOT.Demo4-MissileControl\NDCIOT.Demo4-MissileControl.csproj", "{59028B9C-964F-4920-9096-A71D183F7B0B}"
EndProject
Project("{FAE04EC0-301F-11D3-BF4B-00C04F79EFBC}") = "NDCIOT.Demo4-XboxController", "NDCIOT.Demo4-XboxController\NDCIOT.Demo4-XboxController.csproj", "{EE0B04AE-CB64-4C0C-A1A4-6BAB5176046A}"
EndProject
Project("{FAE04EC0-301F-11D3-BF4B-00C04F79EFBC}") = "NDCIOT.Controllers", "NDCIOT.Controllers\NDCIOT.Controllers.csproj", "{D0F14452-E69A-4FF4-AFD5-98FA2F056DA3}"
EndProject
Project("{FAE04EC0-301F-11D3-BF4B-00C04F79EFBC}") = "NDCIOT.Preso", "NDCIOT.Preso\NDCIOT.Preso.csproj", "{0BB35A81-B4FC-4246-BFB2-70151A5A67DA}"
EndProject
Global
	GlobalSection(SolutionConfigurationPlatforms) = preSolution
		Debug|Any CPU = Debug|Any CPU
		Release|Any CPU = Release|Any CPU
	EndGlobalSection
	GlobalSection(ProjectConfigurationPlatforms) = postSolution
		{8DAB2D01-36B4-443C-AC8D-2F3D133911F9}.Debug|Any CPU.ActiveCfg = Debug|Any CPU
		{8DAB2D01-36B4-443C-AC8D-2F3D133911F9}.Debug|Any CPU.Build.0 = Debug|Any CPU
		{8DAB2D01-36B4-443C-AC8D-2F3D133911F9}.Release|Any CPU.ActiveCfg = Release|Any CPU
		{8DAB2D01-36B4-443C-AC8D-2F3D133911F9}.Release|Any CPU.Build.0 = Release|Any CPU
		{50682E21-AB71-43E7-BD3E-16616C8BFB4A}.Debug|Any CPU.ActiveCfg = Debug|Any CPU
		{50682E21-AB71-43E7-BD3E-16616C8BFB4A}.Debug|Any CPU.Build.0 = Debug|Any CPU
		{50682E21-AB71-43E7-BD3E-16616C8BFB4A}.Release|Any CPU.ActiveCfg = Release|Any CPU
		{50682E21-AB71-43E7-BD3E-16616C8BFB4A}.Release|Any CPU.Build.0 = Release|Any CPU
		{6024C1BC-9E89-4417-9D2A-8D7D3A419B74}.Debug|Any CPU.ActiveCfg = Debug|Any CPU
		{6024C1BC-9E89-4417-9D2A-8D7D3A419B74}.Debug|Any CPU.Build.0 = Debug|Any CPU
		{6024C1BC-9E89-4417-9D2A-8D7D3A419B74}.Release|Any CPU.ActiveCfg = Release|Any CPU
		{6024C1BC-9E89-4417-9D2A-8D7D3A419B74}.Release|Any CPU.Build.0 = Release|Any CPU
		{797866DD-2CF9-4243-BDA9-46BFD523BB12}.Debug|Any CPU.ActiveCfg = Debug|Any CPU
		{797866DD-2CF9-4243-BDA9-46BFD523BB12}.Debug|Any CPU.Build.0 = Debug|Any CPU
		{797866DD-2CF9-4243-BDA9-46BFD523BB12}.Release|Any CPU.ActiveCfg = Release|Any CPU
		{797866DD-2CF9-4243-BDA9-46BFD523BB12}.Release|Any CPU.Build.0 = Release|Any CPU
		{95D516C5-1893-40D9-BB66-79FEC609DC85}.Debug|Any CPU.ActiveCfg = Debug|Any CPU
		{95D516C5-1893-40D9-BB66-79FEC609DC85}.Debug|Any CPU.Build.0 = Debug|Any CPU
		{95D516C5-1893-40D9-BB66-79FEC609DC85}.Release|Any CPU.ActiveCfg = Release|Any CPU
		{95D516C5-1893-40D9-BB66-79FEC609DC85}.Release|Any CPU.Build.0 = Release|Any CPU
		{5D20C71A-BE6A-4FCB-9BE6-6000D44DF14A}.Debug|Any CPU.ActiveCfg = Debug|Any CPU
		{5D20C71A-BE6A-4FCB-9BE6-6000D44DF14A}.Debug|Any CPU.Build.0 = Debug|Any CPU
		{5D20C71A-BE6A-4FCB-9BE6-6000D44DF14A}.Release|Any CPU.ActiveCfg = Release|Any CPU
		{5D20C71A-BE6A-4FCB-9BE6-6000D44DF14A}.Release|Any CPU.Build.0 = Release|Any CPU
		{5EDDEF58-3FA0-400B-817B-68D9600BF5E7}.Debug|Any CPU.ActiveCfg = Debug|Any CPU
		{5EDDEF58-3FA0-400B-817B-68D9600BF5E7}.Debug|Any CPU.Build.0 = Debug|Any CPU
		{5EDDEF58-3FA0-400B-817B-68D9600BF5E7}.Release|Any CPU.ActiveCfg = Release|Any CPU
		{5EDDEF58-3FA0-400B-817B-68D9600BF5E7}.Release|Any CPU.Build.0 = Release|Any CPU
		{59028B9C-964F-4920-9096-A71D183F7B0B}.Debug|Any CPU.ActiveCfg = Debug|Any CPU
		{59028B9C-964F-4920-9096-A71D183F7B0B}.Debug|Any CPU.Build.0 = Debug|Any CPU
		{59028B9C-964F-4920-9096-A71D183F7B0B}.Release|Any CPU.ActiveCfg = Release|Any CPU
		{59028B9C-964F-4920-9096-A71D183F7B0B}.Release|Any CPU.Build.0 = Release|Any CPU
		{EE0B04AE-CB64-4C0C-A1A4-6BAB5176046A}.Debug|Any CPU.ActiveCfg = Debug|Any CPU
		{EE0B04AE-CB64-4C0C-A1A4-6BAB5176046A}.Debug|Any CPU.Build.0 = Debug|Any CPU
		{EE0B04AE-CB64-4C0C-A1A4-6BAB5176046A}.Release|Any CPU.ActiveCfg = Release|Any CPU
		{EE0B04AE-CB64-4C0C-A1A4-6BAB5176046A}.Release|Any CPU.Build.0 = Release|Any CPU
		{D0F14452-E69A-4FF4-AFD5-98FA2F056DA3}.Debug|Any CPU.ActiveCfg = Debug|Any CPU
		{D0F14452-E69A-4FF4-AFD5-98FA2F056DA3}.Debug|Any CPU.Build.0 = Debug|Any CPU
		{D0F14452-E69A-4FF4-AFD5-98FA2F056DA3}.Release|Any CPU.ActiveCfg = Release|Any CPU
		{D0F14452-E69A-4FF4-AFD5-98FA2F056DA3}.Release|Any CPU.Build.0 = Release|Any CPU
		{0BB35A81-B4FC-4246-BFB2-70151A5A67DA}.Debug|Any CPU.ActiveCfg = Debug|Any CPU
		{0BB35A81-B4FC-4246-BFB2-70151A5A67DA}.Debug|Any CPU.Build.0 = Debug|Any CPU
		{0BB35A81-B4FC-4246-BFB2-70151A5A67DA}.Release|Any CPU.ActiveCfg = Release|Any CPU
		{0BB35A81-B4FC-4246-BFB2-70151A5A67DA}.Release|Any CPU.Build.0 = Release|Any CPU
	EndGlobalSection
	GlobalSection(SolutionProperties) = preSolution
		HideSolutionNode = FALSE
	EndGlobalSection
	GlobalSection(NestedProjects) = preSolution
		{8DAB2D01-36B4-443C-AC8D-2F3D133911F9} = {78E374F0-BD2D-4C2D-A309-677892F4D909}
		{50682E21-AB71-43E7-BD3E-16616C8BFB4A} = {9662746A-1AE0-4293-9AC2-AE5955BAF6F7}
		{6024C1BC-9E89-4417-9D2A-8D7D3A419B74} = {9662746A-1AE0-4293-9AC2-AE5955BAF6F7}
		{9662746A-1AE0-4293-9AC2-AE5955BAF6F7} = {78E374F0-BD2D-4C2D-A309-677892F4D909}
		{AA808961-5FD5-4F76-A848-D87A5A1EBBD7} = {78E374F0-BD2D-4C2D-A309-677892F4D909}
		{D9428AF1-7300-4179-A864-BDDBEBFB2509} = {78E374F0-BD2D-4C2D-A309-677892F4D909}
		{797866DD-2CF9-4243-BDA9-46BFD523BB12} = {AA808961-5FD5-4F76-A848-D87A5A1EBBD7}
		{ED883E16-3C81-4BAC-A544-0C1CC9325733} = {78E374F0-BD2D-4C2D-A309-677892F4D909}
		{95D516C5-1893-40D9-BB66-79FEC609DC85} = {D9428AF1-7300-4179-A864-BDDBEBFB2509}
		{5D20C71A-BE6A-4FCB-9BE6-6000D44DF14A} = {D9428AF1-7300-4179-A864-BDDBEBFB2509}
		{5EDDEF58-3FA0-400B-817B-68D9600BF5E7} = {ED883E16-3C81-4BAC-A544-0C1CC9325733}
		{59028B9C-964F-4920-9096-A71D183F7B0B} = {ED883E16-3C81-4BAC-A544-0C1CC9325733}
		{EE0B04AE-CB64-4C0C-A1A4-6BAB5176046A} = {ED883E16-3C81-4BAC-A544-0C1CC9325733}
		{D0F14452-E69A-4FF4-AFD5-98FA2F056DA3} = {78E374F0-BD2D-4C2D-A309-677892F4D909}
	EndGlobalSection
EndGlobal
